<?xml version="1.0" encoding="utf-8"?>
<Project ToolsVersion="4.0" xmlns:atg="http://atg.xbox.com" xmlns="http://schemas.microsoft.com/developer/msbuild/2003">
  <ItemGroup>
    <Filter Include="Resource Files">
      <UniqueIdentifier>{8e114980-c1a3-4ada-ad7c-83caadf5daeb}</UniqueIdentifier>
      <Extensions>rc;ico;cur;bmp;dlg;rc2;rct;bin;rgs;gif;jpg;jpeg;jpe</Extensions>
    </Filter>
    <Filter Include="Shaders">
      <UniqueIdentifier>{2c3d4c8c-5d1a-459a-a05a-a4e4b608a44e}</UniqueIdentifier>
      <Extensions>fx;fxh;hlsl</Extensions>
    </Filter>
    <Filter Include="Headers">
      <UniqueIdentifier>{3f51eb78-13ef-4f07-b1f0-bd8227c443ee}</UniqueIdentifier>
    </Filter>
    <Filter Include="Source">
      <UniqueIdentifier>{fb3fb1c2-57cf-4341-8f8a-d6d49e384f5c}</UniqueIdentifier>
    </Filter>
    <Filter Include="Headers\GameScreens">
      <UniqueIdentifier>{633630db-6acc-4e68-b9be-9537eb1897ae}</UniqueIdentifier>
    </Filter>
    <Filter Include="Headers\Track">
      <UniqueIdentifier>{4d5f976b-011d-4b4e-9603-97d539a46b61}</UniqueIdentifier>
    </Filter>
    <Filter Include="Headers\Editor">
      <UniqueIdentifier>{741c5191-8d2f-4a4a-b5a7-9081a422f585}</UniqueIdentifier>
    </Filter>
    <Filter Include="Headers\Editor\Grid">
      <UniqueIdentifier>{26ba3f76-d25b-4ca6-94a5-7c8b10ee0362}</UniqueIdentifier>
    </Filter>
    <Filter Include="Headers\Surroundings">
      <UniqueIdentifier>{247f3846-c900-45c1-95a1-62279b2e70cf}</UniqueIdentifier>
    </Filter>
    <Filter Include="Headers\Editor\Ground">
      <UniqueIdentifier>{7b047baa-de96-4f34-ad60-60247f73ae94}</UniqueIdentifier>
    </Filter>
    <Filter Include="Headers\Camera">
      <UniqueIdentifier>{6e85f7df-9b16-46f6-ada9-5cc40056e0a1}</UniqueIdentifier>
    </Filter>
    <Filter Include="Source\GameScreens">
      <UniqueIdentifier>{6b7b8514-9281-4c31-bf5a-b4c06fe822e4}</UniqueIdentifier>
    </Filter>
    <Filter Include="Source\Editor">
      <UniqueIdentifier>{5bf59cac-fe31-4857-9414-4d98c9be4c0c}</UniqueIdentifier>
    </Filter>
    <Filter Include="Source\Camera">
      <UniqueIdentifier>{c2655a5c-ca4e-43f4-87a8-984a5292fa67}</UniqueIdentifier>
    </Filter>
    <Filter Include="Source\Surroundings">
      <UniqueIdentifier>{e758af24-969e-47df-abf4-e7c07d8df92f}</UniqueIdentifier>
    </Filter>
    <Filter Include="Source\Track">
      <UniqueIdentifier>{f8a9a357-ec93-45ec-9895-55177beadbe8}</UniqueIdentifier>
    </Filter>
    <Filter Include="Headers\Shaders">
      <UniqueIdentifier>{830048b0-1ed4-427e-bee4-9fb3f504b0c1}</UniqueIdentifier>
    </Filter>
    <Filter Include="Source\Shaders">
      <UniqueIdentifier>{cb6df118-7ca6-494e-9e5f-b8533093835a}</UniqueIdentifier>
    </Filter>
    <Filter Include="Headers\Models">
      <UniqueIdentifier>{80cb40e3-4f3d-4874-8f36-e0af050c2d7d}</UniqueIdentifier>
    </Filter>
    <Filter Include="Source\Models">
      <UniqueIdentifier>{4fcf6fb4-a547-488e-beaa-2066d7bcb5ca}</UniqueIdentifier>
    </Filter>
    <Filter Include="Source\Collisions">
      <UniqueIdentifier>{f04ba091-7bd3-47ae-b03d-db31874f4a51}</UniqueIdentifier>
    </Filter>
    <Filter Include="Headers\Collisions">
      <UniqueIdentifier>{96d17109-1bf1-4d88-b1a2-0d7c3f406125}</UniqueIdentifier>
    </Filter>
    <Filter Include="Headers\Test">
      <UniqueIdentifier>{fdf43336-d410-4a18-999c-c6828b2aaba0}</UniqueIdentifier>
    </Filter>
    <Filter Include="Source\Test">
      <UniqueIdentifier>{718fb13e-0935-4e49-a822-2610ef5502c7}</UniqueIdentifier>
    </Filter>
    <Filter Include="Headers\Maths">
      <UniqueIdentifier>{b1a24e28-79b4-4180-aba0-cacf07d12d4f}</UniqueIdentifier>
    </Filter>
    <Filter Include="Source\Maths">
      <UniqueIdentifier>{f81e0d2d-bf68-4c63-a2b0-3dc56d248ec6}</UniqueIdentifier>
    </Filter>
    <Filter Include="Headers\Input">
      <UniqueIdentifier>{bb69a898-fea3-440b-9f17-3d7518edc859}</UniqueIdentifier>
    </Filter>
    <Filter Include="Source\Input">
      <UniqueIdentifier>{8a1f8c2e-34bd-466f-9d9c-790b7a022627}</UniqueIdentifier>
    </Filter>
    <Filter Include="Source\Editor\Grid">
      <UniqueIdentifier>{48c6fa51-b57d-47d0-8664-5f186cc26daf}</UniqueIdentifier>
    </Filter>
    <Filter Include="Headers\Post Processing">
      <UniqueIdentifier>{cf406e2a-ec5a-4c8b-9e48-2009675e5c2a}</UniqueIdentifier>
    </Filter>
    <Filter Include="Source\Post Processing">
      <UniqueIdentifier>{c05e8b2b-5a58-44e5-8d11-cf2fe8510990}</UniqueIdentifier>
    </Filter>
  </ItemGroup>
  <ItemGroup>
    <ClCompile Include="Code\Track\TrackPiece.cpp">
      <Filter>Source\Track</Filter>
    </ClCompile>
    <ClCompile Include="Code\Track\TrackPieceFactory.cpp">
      <Filter>Source\Track</Filter>
    </ClCompile>
    <ClCompile Include="Source.cpp" />
    <ClCompile Include="Code\GameScreens\ScreenManager.cpp">
      <Filter>Source\GameScreens</Filter>
    </ClCompile>
    <ClCompile Include="Code\GameScreens\GameScreen.cpp">
      <Filter>Source\GameScreens</Filter>
    </ClCompile>
    <ClCompile Include="Code\GameScreens\GameScreen_Editor.cpp">
      <Filter>Source\GameScreens</Filter>
    </ClCompile>
    <ClCompile Include="Code\GameScreens\GameScreen_InGame.cpp">
      <Filter>Source\GameScreens</Filter>
    </ClCompile>
    <ClCompile Include="Code\GameScreens\GameScreen_MainMenu.cpp">
      <Filter>Source\GameScreens</Filter>
    </ClCompile>
    <ClCompile Include="Code\Shaders\ShaderHandler.cpp">
      <Filter>Source\Shaders</Filter>
    </ClCompile>
    <ClCompile Include="Code\Models\Model.cpp">
      <Filter>Source\Models</Filter>
    </ClCompile>
    <ClCompile Include="Code\Collisions\TrackCollision.cpp">
      <Filter>Source\Collisions</Filter>
    </ClCompile>
    <ClCompile Include="Code\Test\TestCube.cpp">
      <Filter>Source\Test</Filter>
    </ClCompile>
    <ClCompile Include="Code\Maths\CommonMaths.cpp">
      <Filter>Source\Maths</Filter>
    </ClCompile>
    <ClCompile Include="Code\Input\InputHandler.cpp">
      <Filter>Source\Input</Filter>
    </ClCompile>
    <ClCompile Include="Code\Camera\BaseCamera.cpp">
      <Filter>Source\Camera</Filter>
    </ClCompile>
    <ClCompile Include="Code\Camera\FirstPersonCamera.cpp">
      <Filter>Source\Camera</Filter>
    </ClCompile>
    <ClCompile Include="Code\Camera\ThirdPersonCamera.cpp">
      <Filter>Source\Camera</Filter>
    </ClCompile>
    <ClCompile Include="Code\Editor\Grid\Grid.cpp">
      <Filter>Source\Editor\Grid</Filter>
    </ClCompile>
    <ClCompile Include="Code\Post Processing\PostProcessing.cpp">
      <Filter>Source\Post Processing</Filter>
    </ClCompile>
    <ClCompile Include="Code\Post Processing\Clouds.cpp">
      <Filter>Source\Post Processing</Filter>
    </ClCompile>
  </ItemGroup>
  <ItemGroup>
    <ClInclude Include="resource.h">
      <Filter>Resource Files</Filter>
    </ClInclude>
    <ClInclude Include="Code\GameScreens\GameScreen.h">
      <Filter>Headers\GameScreens</Filter>
    </ClInclude>
    <ClInclude Include="Code\GameScreens\GameScreen_Editor.h">
      <Filter>Headers\GameScreens</Filter>
    </ClInclude>
    <ClInclude Include="Code\GameScreens\GameScreen_InGame.h">
      <Filter>Headers\GameScreens</Filter>
    </ClInclude>
    <ClInclude Include="Code\GameScreens\GameScreen_MainMenu.h">
      <Filter>Headers\GameScreens</Filter>
    </ClInclude>
    <ClInclude Include="Code\GameScreens\ScreenManager.h">
      <Filter>Headers\GameScreens</Filter>
    </ClInclude>
    <ClInclude Include="Code\Track\TrackPiece.h">
      <Filter>Headers\Track</Filter>
    </ClInclude>
    <ClInclude Include="Code\Track\TrackPieceFactory.h">
      <Filter>Headers\Track</Filter>
    </ClInclude>
    <ClInclude Include="Code\Shaders\ShaderHandler.h">
      <Filter>Headers\Shaders</Filter>
    </ClInclude>
    <ClInclude Include="Code\Models\Model.h">
      <Filter>Headers\Models</Filter>
    </ClInclude>
    <ClInclude Include="Code\Collisions\TrackCollision.h">
      <Filter>Headers\Collisions</Filter>
    </ClInclude>
    <ClInclude Include="Code\Test\TestCube.h">
      <Filter>Headers\Test</Filter>
    </ClInclude>
    <ClInclude Include="Code\Maths\CommonMaths.h">
      <Filter>Headers\Maths</Filter>
    </ClInclude>
    <ClInclude Include="Code\Input\InputHandler.h">
      <Filter>Headers\Input</Filter>
    </ClInclude>
    <ClInclude Include="Code\Camera\BaseCamera.h">
      <Filter>Headers\Camera</Filter>
    </ClInclude>
    <ClInclude Include="Code\Camera\FirstPersonCamera.h">
      <Filter>Headers\Camera</Filter>
    </ClInclude>
    <ClInclude Include="Code\Camera\ThirdPersonCamera.h">
      <Filter>Headers\Camera</Filter>
    </ClInclude>
    <ClInclude Include="Code\Editor\Grid\Grid.h">
      <Filter>Headers\Editor\Grid</Filter>
    </ClInclude>
    <ClInclude Include="Code\Maths\Constants.h">
      <Filter>Headers\Maths</Filter>
    </ClInclude>
    <ClInclude Include="Code\Post Processing\PostProcessing.h">
      <Filter>Headers\Post Processing</Filter>
    </ClInclude>
    <ClInclude Include="Code\Post Processing\Clouds.h">
      <Filter>Headers\Post Processing</Filter>
    </ClInclude>
    <ClInclude Include="Code\Maths\Commons.h">
      <Filter>Headers\Maths</Filter>
    </ClInclude>
  </ItemGroup>
  <ItemGroup>
    <ResourceCompile Include="DX11 Framework.rc">
      <Filter>Resource Files</Filter>
    </ResourceCompile>
  </ItemGroup>
  <ItemGroup>
    <FxCompile Include="DX11 Framework.fx">
      <Filter>Shaders</Filter>
    </FxCompile>
    <FxCompile Include="PostProcessingFinalRender.fx">
      <Filter>Shaders</Filter>
    </FxCompile>
    <FxCompile Include="CloudsFinalPass.fx">
      <Filter>Shaders</Filter>
    </FxCompile>
    <FxCompile Include="CloudsInitialPass.fx">
      <Filter>Shaders</Filter>
    </FxCompile>
  </ItemGroup>
</Project>